{
  "lockfileVersion": 1,
  "packages": {
    "@oxlint-tsgolint/darwin-arm64": {
      "dependencies": {},
      "has_install_script": false,
      "integrity": "sha512-CUJEdbSZ54+Xy9OXqOhWLTKZKV0BBiV7C2i/ygyVmXtkUNXx5YCzN8DpSSshTAKktoL7S+tnQ/ftFG/i7X896w==",
      "optional_dependencies": {},
      "tarball": "https://registry.npmjs.org/@oxlint-tsgolint/darwin-arm64/-/darwin-arm64-7.0.2001.tgz",
      "version": "7.0.2001"
    },
    "@oxlint-tsgolint/darwin-x64": {
      "dependencies": {},
      "has_install_script": false,
      "integrity": "sha512-pXfBb5BqONCcgrXQNUZWXgiYmRSWJzd97S8i41VVOh6ut0tyo+cJ5FKFpczDHxiVNfj/3e7c9B4MtztNdpIVCw==",
      "optional_dependencies": {},
      "tarball": "https://registry.npmjs.org/@oxlint-tsgolint/darwin-x64/-/darwin-x64-7.0.2001.tgz",
      "version": "7.0.2001"
    },
    "@oxlint-tsgolint/linux-arm64": {
      "dependencies": {},
      "has_install_script": false,
      "integrity": "sha512-roP7zujb/QDPzDwEKsFFpzNHHy91/Y7oX9vQXk78ekyZtcQj1QXDIMH33gjDdHBfRl4K9pZ36xhRgrP4Zr+R8A==",
      "optional_dependencies": {},
      "tarball": "https://registry.npmjs.org/@oxlint-tsgolint/linux-arm64/-/linux-arm64-7.0.2001.tgz",
      "version": "7.0.2001"
    },
    "@oxlint-tsgolint/linux-x64": {
      "dependencies": {},
      "has_install_script": false,
      "integrity": "sha512-UDezNqdECVmngu2TPnjaS1YoAmcTaBoI5lV9vk3VahBxoi+I5r9k3iJTT7qZoYWOXTD/7T7bNcwRgrocR6BscQ==",
      "optional_dependencies": {},
      "tarball": "https://registry.npmjs.org/@oxlint-tsgolint/linux-x64/-/linux-x64-7.0.2001.tgz",
      "version": "7.0.2001"
    },
    "@oxlint-tsgolint/win32-arm64": {
      "dependencies": {},
      "has_install_script": false,
      "integrity": "sha512-uJZhqB6pdXLuN+AD1F5082byyQti/NPmJA77GtcFlmT2HzRelqbNls3SaIqxpjdFgvSBF9g0yOKGBkGFg7kX8Q==",
      "optional_dependencies": {},
      "tarball": "https://registry.npmjs.org/@oxlint-tsgolint/win32-arm64/-/win32-arm64-7.0.2001.tgz",
      "version": "7.0.2001"
    },
    "@oxlint-tsgolint/win32-x64": {
      "dependencies": {},
      "has_install_script": false,
      "integrity": "sha512-FkDRm8hx9OwzGQqyWG1tO5QrTLRApff9DzSgpz9QZau37BR8d1VYKOxMLGf6shPZntJFoTwIIJYT68VndYDCog==",
      "optional_dependencies": {},
      "tarball": "https://registry.npmjs.org/@oxlint-tsgolint/win32-x64/-/win32-x64-7.0.2001.tgz",
      "version": "7.0.2001"
    },
    "@oxlint/binding-android-arm-eabi": {
      "dependencies": {},
      "has_install_script": false,
      "integrity": "sha512-a3LB+C5Dsj5b/qtmG/mv5WrzuiXEpg1KF5nXWcEvaoN5TYAqkIvxPOwTPp3Jy/FoGpRo8zsTFhMElMXfeoOEzA==",
      "optional_dependencies": {},
      "tarball": "https://registry.npmjs.org/@oxlint/binding-android-arm-eabi/-/binding-android-arm-eabi-1.82.0.tgz",
      "version": "1.82.0"
    },
    "@oxlint/binding-android-arm64": {
      "dependencies": {},
      "has_install_script": false,
      "integrity": "sha512-OBlhRgNqFblGpGenno/aqOfJLOkQ2B8Ig3iDAalfn0H8hJGZKXPeexCRTDm6uwv6YUjSA9Xnwt1y/Bgj5ZH8uw==",
      "optional_dependencies": {},
      "tarball": "https://registry.npmjs.org/@oxlint/binding-android-arm64/-/binding-android-arm64-1.82.0.tgz",
      "version": "1.82.0"
    },
    "@oxlint/binding-darwin-arm64": {
      "dependencies": {},
      "has_install_script": false,
      "integrity": "sha512-dsopxqtY5ZdyT9uLHyGt1SyiLop6hi7hWI3PKpePodkRQOkLaCm+OE4fR9CAz9qdfjiFO8531tX/QDyP/psjFg==",
      "optional_dependencies": {},
      "tarball": "https://registry.npmjs.org/@oxlint/binding-darwin-arm64/-/binding-darwin-arm64-1.82.0.tgz",
      "version": "1.82.0"
    },
    "@oxlint/binding-darwin-x64": {
      "dependencies": {},
      "has_install_script": false,
      "integrity": "sha512-94Lu0SgTClKColU66g1VDuigV3HkcbkJBnTtZjGYfE8UPugaWDgKrm2icjC6HJVUYler2OXaHP/X0TBy8+CowQ==",
      "optional_dependencies": {},
      "tarball": "https://registry.npmjs.org/@oxlint/binding-darwin-x64/-/binding-darwin-x64-1.82.0.tgz",
      "version": "1.82.0"
    },
    "@oxlint/binding-freebsd-x64": {
      "dependencies": {},
      "has_install_script": false,
      "integrity": "sha512-hne/V06ewhh1i0w8+l7GDNROAGCGPmyFuOwiP7YTRu0JycyStJ4785dmF8xU5p0uUwt2emvIF9vc7Xjis+cJ0g==",
      "optional_dependencies": {},
      "tarball": "https://registry.npmjs.org/@oxlint/binding-freebsd-x64/-/binding-freebsd-x64-1.82.0.tgz",
      "version": "1.82.0"
    },
    "@oxlint/binding-linux-arm-gnueabihf": {
      "dependencies": {},
      "has_install_script": false,
      "integrity": "sha512-aWY2xtbZf1LneW9Qsv/n2Sp8gOu74JrlQzEtj4coHX2SHFrCfhmAumaU+sI/A5nr+yoTRTSmI/pL2s6ADlNSkw==",
      "optional_dependencies": {},
      "tarball": "https://registry.npmjs.org/@oxlint/binding-linux-arm-gnueabihf/-/binding-linux-arm-gnueabihf-1.82.0.tgz",
      "version": "1.82.0"
    },
    "@oxlint/binding-linux-arm-musleabihf": {
      "dependencies": {},
      "has_install_script": false,
      "integrity": "sha512-Fe+TtXCXMh/5f7kWlZ2VAwsMumZWtraFlKVk1NJlL52/beGwfDE7ov+/8gVirHzWokzGu7X65hSPq0ucPDskWQ==",
      "optional_dependencies": {},
      "tarball": "https://registry.npmjs.org/@oxlint/binding-linux-arm-musleabihf/-/binding-linux-arm-musleabihf-1.82.0.tgz",
      "version": "1.82.0"
    },
    "@oxlint/binding-linux-arm64-gnu": {
      "dependencies": {},
      "has_install_script": false,
      "integrity": "sha512-6azCZ6OJudlvipNttXCCQcyeFfcJ/NvUZdSN1z8elo73kCHtyQC7WTiUcSjWYvJ1jaq9KDUyMAoAS/vNzhBomA==",
      "optional_dependencies": {},
      "tarball": "https://registry.npmjs.org/@oxlint/binding-linux-arm64-gnu/-/binding-linux-arm64-gnu-1.82.0.tgz",
      "version": "1.82.0"
    },
    "@oxlint/binding-linux-arm64-musl": {
      "dependencies": {},
      "has_install_script": false,
      "integrity": "sha512-PLEaSD8IAIIlwW4dwOd9YaxuxeOpwiXL4J24rcnE4iNtyM5j9Q9/3+gti08oXpx0u2ygNjRDx9xjWWpQonuJEw==",
      "optional_dependencies": {},
      "tarball": "https://registry.npmjs.org/@oxlint/binding-linux-arm64-musl/-/binding-linux-arm64-musl-1.82.0.tgz",
      "version": "1.82.0"
    },
    "@oxlint/binding-linux-ppc64-gnu": {
      "dependencies": {},
      "has_install_script": false,
      "integrity": "sha512-D94em/BwknNTn4vqxjHh5wb2oL566eFhArabqKIr0cNZMHOJuiraFp1A8tXpH05bbE5tqwEfLXTI0MWEGtn3Dw==",
      "optional_dependencies": {},
      "tarball": "https://registry.npmjs.org/@oxlint/binding-linux-ppc64-gnu/-/binding-linux-ppc64-gnu-1.82.0.tgz",
      "version": "1.82.0"
    },
    "@oxlint/binding-linux-riscv64-gnu": {
      "dependencies": {},
      "has_install_script": false,
      "integrity": "sha512-MOprxBaoYU2D4VgxXCl3ghydThWtx7Um1lL51kGYNeQ5Al7WzsH7/tqGdNtbLrIWnjq3bsm13+nz/gRIxjrOXw==",
      "optional_dependencies": {},
      "tarball": "https://registry.npmjs.org/@oxlint/binding-linux-riscv64-gnu/-/binding-linux-riscv64-gnu-1.82.0.tgz",
      "version": "1.82.0"
    },
    "@oxlint/binding-linux-riscv64-musl": {
      "dependencies": {},
      "has_install_script": false,
      "integrity": "sha512-5h55QsfJ/luDXZzC20k6SNOY1Az+dCP9WvntKtcUWh2JhckAdwApY2ZusaBTwLENnReXU+A2fJtSrYvZJNKNPg==",
      "optional_dependencies": {},
      "tarball": "https://registry.npmjs.org/@oxlint/binding-linux-riscv64-musl/-/binding-linux-riscv64-musl-1.82.0.tgz",
      "version": "1.82.0"
    },
    "@oxlint/binding-linux-s390x-gnu": {
      "dependencies": {},
      "has_install_script": false,
      "integrity": "sha512-IE8NJNLlHr0CaXyGJPGVn0eTkUyoj1I2UfA8x7I4PSOYKsQ/6btVC7Pywrj5onk0cMH25r6Z38SoN3AvE5Zuog==",
      "optional_dependencies": {},
      "tarball": "https://registry.npmjs.org/@oxlint/binding-linux-s390x-gnu/-/binding-linux-s390x-gnu-1.82.0.tgz",
      "version": "1.82.0"
    },
    "@oxlint/binding-linux-x64-gnu": {
      "dependencies": {},
      "has_install_script": false,
      "integrity": "sha512-XUUUxaBo9XKl+J1B9EmP1cTGQPddzeURvoGkfwh/94PGnbW+hBprDljneoI2M1jzC1bzrIV3ihc7iM9UXl8+tg==",
      "optional_dependencies": {},
      "tarball": "https://registry.npmjs.org/@oxlint/binding-linux-x64-gnu/-/binding-linux-x64-gnu-1.82.0.tgz",
      "version": "1.82.0"
    },
    "@oxlint/binding-linux-x64-musl": {
      "dependencies": {},
      "has_install_script": false,
      "integrity": "sha512-SWLSFulX9TDuH6yvbPYp4+VNn6jkkIvvI+KiujDM5rWBRHEfkesCC/pCneIIUr6ovkxZ5fRtpi2v5Cz5FrMJZg==",
      "optional_dependencies": {},
      "tarball": "https://registry.npmjs.org/@oxlint/binding-linux-x64-musl/-/binding-linux-x64-musl-1.82.0.tgz",
      "version": "1.82.0"
    },
    "@oxlint/binding-openharmony-arm64": {
      "dependencies": {},
      "has_install_script": false,
      "integrity": "sha512-BQy35f6ZUdNr9a6c7B7orxQTcLjByGT2z3WAgmRovpRwmPYAaJ+NTplmMzhdjdJ4qSchfMNZy/Ukg+qRg6zseQ==",
      "optional_dependencies": {},
      "tarball": "https://registry.npmjs.org/@oxlint/binding-openharmony-arm64/-/binding-openharmony-arm64-1.82.0.tgz",
      "version": "1.82.0"
    },
    "@oxlint/binding-win32-arm64-msvc": {
      "dependencies": {},
      "has_install_script": false,
      "integrity": "sha512-V4QhSTg5gctZue8RJjsGi7NpQPThr/p1/HfmiMC5kfe1KFEup9SQRVub4A6kijQjdHfxj7bLL1KO3QO7/5bwMQ==",
      "optional_dependencies": {},
      "tarball": "https://registry.npmjs.org/@oxlint/binding-win32-arm64-msvc/-/binding-win32-arm64-msvc-1.82.0.tgz",
      "version": "1.82.0"
    },
    "@oxlint/binding-win32-ia32-msvc": {
      "dependencies": {},
      "has_install_script": false,
      "integrity": "sha512-TUSCLaKB2yktpFAJ/r3HAUYsaV/3DT7JS4iNKyoh3a9YNwD0UG7Ezh4D8m23654vQcU6P/RQrCAjRPKe4peP/A==",
      "optional_dependencies": {},
      "tarball": "https://registry.npmjs.org/@oxlint/binding-win32-ia32-msvc/-/binding-win32-ia32-msvc-1.82.0.tgz",
      "version": "1.82.0"
    },
    "@oxlint/binding-win32-x64-msvc": {
      "dependencies": {},
      "has_install_script": false,
      "integrity": "sha512-VTVoRIWJTb+wvUX8EYoPArfFH02whuR10goFXE/LHRRX33ajRrFgqbcONXZMiF4C5rnattfkm87HqYn8jb8hmQ==",
      "optional_dependencies": {},
      "tarball": "https://registry.npmjs.org/@oxlint/binding-win32-x64-msvc/-/binding-win32-x64-msvc-1.82.0.tgz",
      "version": "1.82.0"
    },
    "@types/node": {
      "dependencies": {
        "undici-types": "~7.18.0"
      },
      "has_install_script": false,
      "integrity": "sha512-YJ7EqCstVTzIr0fMr7qul/977en+pQHrfmuKIo6Zr9i75Be21dr3MovcfvGtyvi2HAUrRerWps5sMO9I7WaxDw==",
      "optional_dependencies": {},
      "tarball": "https://registry.npmjs.org/@types/node/-/node-24.13.4.tgz",
      "version": "24.13.4"
    },
    "@types/phoenix": {
      "dependencies": {},
      "has_install_script": false,
      "integrity": "sha512-oN9ive//QSBkf19rfDv45M7eZPi0eEXylht2OLEXicu5b4KoQ1OzXIw+xDSGWxSxe1JmepRR/ZH283vsu518/Q==",
      "optional_dependencies": {},
      "tarball": "https://registry.npmjs.org/@types/phoenix/-/phoenix-1.6.7.tgz",
      "version": "1.6.7"
    },
    "@types/sortablejs": {
      "dependencies": {},
      "has_install_script": false,
      "integrity": "sha512-7HP+rZGE2p886PKV9c9OJzLBI6BBJu1O7lJGYnPyG3fS4/duUCcngkNCjsLwIMV+WMqANe3tt4irrXHSIe68OQ==",
      "optional_dependencies": {},
      "tarball": "https://registry.npmjs.org/@types/sortablejs/-/sortablejs-1.15.9.tgz",
      "version": "1.15.9"
    },
    "@typescript/typescript-aix-ppc64": {
      "dependencies": {},
      "has_install_script": false,
      "integrity": "sha512-MTKKkWB7p/0E9xi1d1tHtZ5PiLkGEMIq88pK2CubZjOsLtYTLqhgIgi6zepFa+9GHZ6h05NMCkQxGKiPXMxXtQ==",
      "optional_dependencies": {},
      "tarball": "https://registry.npmjs.org/@typescript/typescript-aix-ppc64/-/typescript-aix-ppc64-7.0.2.tgz",
      "version": "7.0.2"
    },
    "@typescript/typescript-darwin-arm64": {
      "dependencies": {},
      "has_install_script": false,
      "integrity": "sha512-gowzar9MwS/aRWp6f3a4KUqzRjAZjOsmGNCM6LcTgXum+dBfgsBVMN+AgvOCCbguXyick6LJhpBszxMebJ8syA==",
      "optional_dependencies": {},
      "tarball": "https://registry.npmjs.org/@typescript/typescript-darwin-arm64/-/typescript-darwin-arm64-7.0.2.tgz",
      "version": "7.0.2"
    },
    "@typescript/typescript-darwin-x64": {
      "dependencies": {},
      "has_install_script": false,
      "integrity": "sha512-SZ9xZInqApNlNGc9s0W1VSsktYSOe9cFqNOIqmN1Gs8SmkjKZYFt017G4VwPxASInODuAdbTW7sXiFUf893RgA==",
      "optional_dependencies": {},
      "tarball": "https://registry.npmjs.org/@typescript/typescript-darwin-x64/-/typescript-darwin-x64-7.0.2.tgz",
      "version": "7.0.2"
    },
    "@typescript/typescript-freebsd-arm64": {
      "dependencies": {},
      "has_install_script": false,
      "integrity": "sha512-W5NH4y/J0plIIS5b2xvTEkU7JFxyqdMAOgf+Ilhl0vHQXKO5dZoxd+C/jEtq56c4F3wk71RB4BMRQ2XdI+bwYQ==",
      "optional_dependencies": {},
      "tarball": "https://registry.npmjs.org/@typescript/typescript-freebsd-arm64/-/typescript-freebsd-arm64-7.0.2.tgz",
      "version": "7.0.2"
    },
    "@typescript/typescript-freebsd-x64": {
      "dependencies": {},
      "has_install_script": false,
      "integrity": "sha512-UMGDx5sTpzNw3WiPebH7l90IWfJggEd+egHt/q6p7/Cm3zqoV7VxkGXt+3DxPIw8CcmvAB0j3sVVfbhX+M4Tpw==",
      "optional_dependencies": {},
      "tarball": "https://registry.npmjs.org/@typescript/typescript-freebsd-x64/-/typescript-freebsd-x64-7.0.2.tgz",
      "version": "7.0.2"
    },
    "@typescript/typescript-linux-arm": {
      "dependencies": {},
      "has_install_script": false,
      "integrity": "sha512-gffT3xPz9sR7j/YJExkyPntrI0P2EP9XbOyWzth2/Gs0RstK+90RBcO0ncXoXy/beYll1SXw846Nf2zdnEz0QQ==",
      "optional_dependencies": {},
      "tarball": "https://registry.npmjs.org/@typescript/typescript-linux-arm/-/typescript-linux-arm-7.0.2.tgz",
      "version": "7.0.2"
    },
    "@typescript/typescript-linux-arm64": {
      "dependencies": {},
      "has_install_script": false,
      "integrity": "sha512-Qh4eU4/y3yDjnfjjyPYihMj5/ODIlmt+Bzu17OI+fiSRDW57QmU5SiN63exPRNJPKUzcc1INa1NXdrJ+MqHjUQ==",
      "optional_dependencies": {},
      "tarball": "https://registry.npmjs.org/@typescript/typescript-linux-arm64/-/typescript-linux-arm64-7.0.2.tgz",
      "version": "7.0.2"
    },
    "@typescript/typescript-linux-loong64": {
      "dependencies": {},
      "has_install_script": false,
      "integrity": "sha512-uEHck9i8hoAzXPiYRib1O7miOnz23SxIeVl6F4LXox+qov1K35jHcEW6VHKvZI+pyvl7fZEP4MCU5LYvIq1GuQ==",
      "optional_dependencies": {},
      "tarball": "https://registry.npmjs.org/@typescript/typescript-linux-loong64/-/typescript-linux-loong64-7.0.2.tgz",
      "version": "7.0.2"
    },
    "@typescript/typescript-linux-mips64el": {
      "dependencies": {},
      "has_install_script": false,
      "integrity": "sha512-R4KvAMnE43W5Qeqb0Ly56O3mWMWIAgsMyz36DCaycd5nbg/9kzm0liw3JocfRqyJY0KPmzFjbswozXyW0DnIYA==",
      "optional_dependencies": {},
      "tarball": "https://registry.npmjs.org/@typescript/typescript-linux-mips64el/-/typescript-linux-mips64el-7.0.2.tgz",
      "version": "7.0.2"
    },
    "@typescript/typescript-linux-ppc64": {
      "dependencies": {},
      "has_install_script": false,
      "integrity": "sha512-DORx5b3sd/4S7eayxm4FQv+A7CrkUIGRaHiwI8oiHTAI1fAPWhF4J0vAlkC8biAlHSVVwxMQ3tjZ2/DVbnQiiA==",
      "optional_dependencies": {},
      "tarball": "https://registry.npmjs.org/@typescript/typescript-linux-ppc64/-/typescript-linux-ppc64-7.0.2.tgz",
      "version": "7.0.2"
    },
    "@typescript/typescript-linux-riscv64": {
      "dependencies": {},
      "has_install_script": false,
      "integrity": "sha512-wf0jqEDOjrPRnKwYRyyJDRo11KMbvMFrU+q4zqKyChODBzvlkbhNQfKvLxQCcwTpdDaXSHZTVuh0JoCrKCUMHQ==",
      "optional_dependencies": {},
      "tarball": "https://registry.npmjs.org/@typescript/typescript-linux-riscv64/-/typescript-linux-riscv64-7.0.2.tgz",
      "version": "7.0.2"
    },
    "@typescript/typescript-linux-s390x": {
      "dependencies": {},
      "has_install_script": false,
      "integrity": "sha512-IkwJc3L7yhytWd/ewjyxNDfOmswCm9GWMJT/ue/dU4aZNbwZeYAetq42VyLmsmSjvoX7z74X6ZaYCtzAr0EuGw==",
      "optional_dependencies": {},
      "tarball": "https://registry.npmjs.org/@typescript/typescript-linux-s390x/-/typescript-linux-s390x-7.0.2.tgz",
      "version": "7.0.2"
    },
    "@typescript/typescript-linux-x64": {
      "dependencies": {},
      "has_install_script": false,
      "integrity": "sha512-EYdf2cNg7rgCWJnxCdJ+F3V39O8ihb37eHAu1LK8oAFizgTQbPOK7zHHXbPt8rX24COqODXeI3sIf0fCXG7H/A==",
      "optional_dependencies": {},
      "tarball": "https://registry.npmjs.org/@typescript/typescript-linux-x64/-/typescript-linux-x64-7.0.2.tgz",
      "version": "7.0.2"
    },
    "@typescript/typescript-netbsd-arm64": {
      "dependencies": {},
      "has_install_script": false,
      "integrity": "sha512-+polYF4MF04aPpO5FTkHran9yUQDSXqy5GiSDKpsll5jy3l3+g9QLhpf39T+ePtefhXLOGrLl0QIjkQP6VnelA==",
      "optional_dependencies": {},
      "tarball": "https://registry.npmjs.org/@typescript/typescript-netbsd-arm64/-/typescript-netbsd-arm64-7.0.2.tgz",
      "version": "7.0.2"
    },
    "@typescript/typescript-netbsd-x64": {
      "dependencies": {},
      "has_install_script": false,
      "integrity": "sha512-8YIT0EHM/3dq10ZOVF/A7pc/YSMtbcecct4rWtexrnSCHOPcpC2KTLXfTCR6vDpnSiY12heNb1GiN/wu+T/FyA==",
      "optional_dependencies": {},
      "tarball": "https://registry.npmjs.org/@typescript/typescript-netbsd-x64/-/typescript-netbsd-x64-7.0.2.tgz",
      "version": "7.0.2"
    },
    "@typescript/typescript-openbsd-arm64": {
      "dependencies": {},
      "has_install_script": false,
      "integrity": "sha512-APT8+ClYnuYm1u9+kgGXoMj2VzWzcymwh2gNSQVySHfkRDGOTVkoWLjCmOQSaO+PoqQ57B0flRp9SA+7GnnkzQ==",
      "optional_dependencies": {},
      "tarball": "https://registry.npmjs.org/@typescript/typescript-openbsd-arm64/-/typescript-openbsd-arm64-7.0.2.tgz",
      "version": "7.0.2"
    },
    "@typescript/typescript-openbsd-x64": {
      "dependencies": {},
      "has_install_script": false,
      "integrity": "sha512-yX7s+Q0Dln0Dt9tEzZsAjXXR/+ytBM7AlglaqyeMPxQszJ1JhlJdZ6jLA+IzldHtflX81em7lDao1xXu+aRRkg==",
      "optional_dependencies": {},
      "tarball": "https://registry.npmjs.org/@typescript/typescript-openbsd-x64/-/typescript-openbsd-x64-7.0.2.tgz",
      "version": "7.0.2"
    },
    "@typescript/typescript-sunos-x64": {
      "dependencies": {},
      "has_install_script": false,
      "integrity": "sha512-dLJDGaLZ1D4HPQn62u1n8mBDkJREwMsAkCdkwd4Ieqw+x3TUyTsqY0YiBCtE6H6OzzgGk3iuZ3vFWRS+E8/d1g==",
      "optional_dependencies": {},
      "tarball": "https://registry.npmjs.org/@typescript/typescript-sunos-x64/-/typescript-sunos-x64-7.0.2.tgz",
      "version": "7.0.2"
    },
    "@typescript/typescript-win32-arm64": {
      "dependencies": {},
      "has_install_script": false,
      "integrity": "sha512-Gyl1Vy6OsWesLzmq+EP0Fb7b4Nid5232AvcA2SFcdYreldpNtYFFofPjnt62y9hQy7VTaZp65ICJjuAQRaVcIQ==",
      "optional_dependencies": {},
      "tarball": "https://registry.npmjs.org/@typescript/typescript-win32-arm64/-/typescript-win32-arm64-7.0.2.tgz",
      "version": "7.0.2"
    },
    "@typescript/typescript-win32-x64": {
      "dependencies": {},
      "has_install_script": false,
      "integrity": "sha512-0BQ3HkAHHlKLSp1qRvf3SUhGpGsDuhB/jgFw75guyqbxJqEaS0Cw/VFO8i2nHglJUzQCRtMMR/IBAKE3ETMC4g==",
      "optional_dependencies": {},
      "tarball": "https://registry.npmjs.org/@typescript/typescript-win32-x64/-/typescript-win32-x64-7.0.2.tgz",
      "version": "7.0.2"
    },
    "atomico": {
      "dependencies": {},
      "has_install_script": false,
      "integrity": "sha512-mshhLRMeIltNYbnQnqgnrvJ/uDa8XDfTQcjw3ymOygQqwHIQ4Sp0LcNYMCbACkV3DtV+eDXb9szwU4qMUuGwYQ==",
      "optional_dependencies": {},
      "tarball": "https://registry.npmjs.org/atomico/-/atomico-1.79.2.tgz",
      "version": "1.79.2"
    },
    "cally": {
      "dependencies": {
        "atomico": "^1.79.2"
      },
      "has_install_script": false,
      "integrity": "sha512-zY/Ueh+p6O+LKPYqNB13dATgNuazAHS0n3JbtKyUmMoQfRq5mC2/zFI3UV2X3g+2lZn2BBwr1Z+HxyG9Dt/6lw==",
      "optional_dependencies": {},
      "tarball": "https://registry.npmjs.org/cally/-/cally-0.9.2.tgz",
      "version": "0.9.2"
    },
    "daisyui": {
      "dependencies": {},
      "has_install_script": false,
      "integrity": "sha512-8JQFneb+okHxzPimTGvRKX+5XF03GyAwGw7BaV6+6XpzW0klGuzc4rdfUpLQxIYPKEziwwlrsYfcxoltF2Rowg==",
      "optional_dependencies": {},
      "tarball": "https://registry.npmjs.org/daisyui/-/daisyui-5.7.32.tgz",
      "version": "5.7.32"
    },
    "heroicons": {
      "dependencies": {},
      "has_install_script": false,
      "integrity": "sha512-yOwvztmNiBWqR946t+JdgZmyzEmnRMC2nxvHFC90bF1SUttwB6yJKYeme1JeEcBfobdOs827nCyiWBS2z/brog==",
      "optional_dependencies": {},
      "tarball": "https://registry.npmjs.org/heroicons/-/heroicons-2.2.0.tgz",
      "version": "2.2.0"
    },
    "oxlint": {
      "dependencies": {},
      "has_install_script": false,
      "integrity": "sha512-+iFM1BGw1ntYJt3QngbJmjbrGxPaKMUADOXOijpWGnYcBPq8YZnQftSS1C+pVcDYy9YxqDVJKQqQkTazTQMboQ==",
      "optional_dependencies": {
        "@oxlint/binding-android-arm-eabi": "1.82.0",
        "@oxlint/binding-android-arm64": "1.82.0",
        "@oxlint/binding-darwin-arm64": "1.82.0",
        "@oxlint/binding-darwin-x64": "1.82.0",
        "@oxlint/binding-freebsd-x64": "1.82.0",
        "@oxlint/binding-linux-arm-gnueabihf": "1.82.0",
        "@oxlint/binding-linux-arm-musleabihf": "1.82.0",
        "@oxlint/binding-linux-arm64-gnu": "1.82.0",
        "@oxlint/binding-linux-arm64-musl": "1.82.0",
        "@oxlint/binding-linux-ppc64-gnu": "1.82.0",
        "@oxlint/binding-linux-riscv64-gnu": "1.82.0",
        "@oxlint/binding-linux-riscv64-musl": "1.82.0",
        "@oxlint/binding-linux-s390x-gnu": "1.82.0",
        "@oxlint/binding-linux-x64-gnu": "1.82.0",
        "@oxlint/binding-linux-x64-musl": "1.82.0",
        "@oxlint/binding-openharmony-arm64": "1.82.0",
        "@oxlint/binding-win32-arm64-msvc": "1.82.0",
        "@oxlint/binding-win32-ia32-msvc": "1.82.0",
        "@oxlint/binding-win32-x64-msvc": "1.82.0"
      },
      "tarball": "https://registry.npmjs.org/oxlint/-/oxlint-1.82.0.tgz",
      "version": "1.82.0"
    },
    "oxlint-tsgolint": {
      "dependencies": {},
      "has_install_script": false,
      "integrity": "sha512-KjK/XLcXr1DSyonKhsuFqJRiuKqcyG9j3LJ8nkOsrLzGvodBPqzHOKauy10asLMDI0sUpvb+1sxlzff3udZvfg==",
      "optional_dependencies": {
        "@oxlint-tsgolint/darwin-arm64": "7.0.2001",
        "@oxlint-tsgolint/darwin-x64": "7.0.2001",
        "@oxlint-tsgolint/linux-arm64": "7.0.2001",
        "@oxlint-tsgolint/linux-x64": "7.0.2001",
        "@oxlint-tsgolint/win32-arm64": "7.0.2001",
        "@oxlint-tsgolint/win32-x64": "7.0.2001"
      },
      "tarball": "https://registry.npmjs.org/oxlint-tsgolint/-/oxlint-tsgolint-7.0.2001.tgz",
      "version": "7.0.2001"
    },
    "sortablejs": {
      "dependencies": {},
      "has_install_script": false,
      "integrity": "sha512-Kk8wLQPlS+yi1ZEf48a4+fzHa4yxjC30M/Sr2AnQu+f/MPwvvX9XjZ6OWejiz8crBsLwSq8GHqaxaET7u6ux0A==",
      "optional_dependencies": {},
      "tarball": "https://registry.npmjs.org/sortablejs/-/sortablejs-1.15.7.tgz",
      "version": "1.15.7"
    },
    "tailwindcss": {
      "dependencies": {},
      "has_install_script": false,
      "integrity": "sha512-gOhV3P7ufE62QDGg1zVaTgCR+EtPv92k2nIhVcVKcLmxT1sUBsQGhnZj175j+MqRt4zLF7ic+sCYjfhxMxj7YQ==",
      "optional_dependencies": {},
      "tarball": "https://registry.npmjs.org/tailwindcss/-/tailwindcss-4.3.3.tgz",
      "version": "4.3.3"
    },
    "topbar": {
      "dependencies": {},
      "has_install_script": false,
      "integrity": "sha512-3CFWdkUC4KLsyLpW8IcX5EXskFtJtNl9O2/qNO/4Ncd/lWgipY/pmyv0D8bw2bTepl/+MUGhNhu2n3IitUuQNA==",
      "optional_dependencies": {},
      "tarball": "https://registry.npmjs.org/topbar/-/topbar-3.0.1.tgz",
      "version": "3.0.1"
    },
    "typescript": {
      "dependencies": {
        "@typescript/typescript-aix-ppc64": "7.0.2",
        "@typescript/typescript-darwin-arm64": "7.0.2",
        "@typescript/typescript-darwin-x64": "7.0.2",
        "@typescript/typescript-freebsd-arm64": "7.0.2",
        "@typescript/typescript-freebsd-x64": "7.0.2",
        "@typescript/typescript-linux-arm": "7.0.2",
        "@typescript/typescript-linux-arm64": "7.0.2",
        "@typescript/typescript-linux-loong64": "7.0.2",
        "@typescript/typescript-linux-mips64el": "7.0.2",
        "@typescript/typescript-linux-ppc64": "7.0.2",
        "@typescript/typescript-linux-riscv64": "7.0.2",
        "@typescript/typescript-linux-s390x": "7.0.2",
        "@typescript/typescript-linux-x64": "7.0.2",
        "@typescript/typescript-netbsd-arm64": "7.0.2",
        "@typescript/typescript-netbsd-x64": "7.0.2",
        "@typescript/typescript-openbsd-arm64": "7.0.2",
        "@typescript/typescript-openbsd-x64": "7.0.2",
        "@typescript/typescript-sunos-x64": "7.0.2",
        "@typescript/typescript-win32-arm64": "7.0.2",
        "@typescript/typescript-win32-x64": "7.0.2"
      },
      "has_install_script": false,
      "integrity": "sha512-8FYau96o3NKOhbjKi/qNvG/W5jhzxkbdm5sj9AbZ/5T5sWqn3hJgLfGx27sRKZWTvyzCP8dLRBTf5tBTSRVUNA==",
      "optional_dependencies": {
        "@typescript/typescript-aix-ppc64": "7.0.2",
        "@typescript/typescript-darwin-arm64": "7.0.2",
        "@typescript/typescript-darwin-x64": "7.0.2",
        "@typescript/typescript-freebsd-arm64": "7.0.2",
        "@typescript/typescript-freebsd-x64": "7.0.2",
        "@typescript/typescript-linux-arm": "7.0.2",
        "@typescript/typescript-linux-arm64": "7.0.2",
        "@typescript/typescript-linux-loong64": "7.0.2",
        "@typescript/typescript-linux-mips64el": "7.0.2",
        "@typescript/typescript-linux-ppc64": "7.0.2",
        "@typescript/typescript-linux-riscv64": "7.0.2",
        "@typescript/typescript-linux-s390x": "7.0.2",
        "@typescript/typescript-linux-x64": "7.0.2",
        "@typescript/typescript-netbsd-arm64": "7.0.2",
        "@typescript/typescript-netbsd-x64": "7.0.2",
        "@typescript/typescript-openbsd-arm64": "7.0.2",
        "@typescript/typescript-openbsd-x64": "7.0.2",
        "@typescript/typescript-sunos-x64": "7.0.2",
        "@typescript/typescript-win32-arm64": "7.0.2",
        "@typescript/typescript-win32-x64": "7.0.2"
      },
      "tarball": "https://registry.npmjs.org/typescript/-/typescript-7.0.2.tgz",
      "version": "7.0.2"
    },
    "undici-types": {
      "dependencies": {},
      "has_install_script": false,
      "integrity": "sha512-AsuCzffGHJybSaRrmr5eHr81mwJU3kjw6M+uprWvCXiNeN9SOGwQ3Jn8jb8m3Z6izVgknn1R0FTCEAP2QrLY/w==",
      "optional_dependencies": {},
      "tarball": "https://registry.npmjs.org/undici-types/-/undici-types-7.18.2.tgz",
      "version": "7.18.2"
    }
  },
  "policy": {
    "allow_registry_redirects": false,
    "allowed_registries": [
      "https://registry.npmjs.org"
    ],
    "block_exotic_subdeps": true,
    "exotic_deps": []
  }
}
